
Microsoft Visual Studio Solution File, Format Version 12.00
# Visual Studio Version 16
VisualStudioVersion = 16.0.31129.286
MinimumVisualStudioVersion = 10.0.40219.1
Project("{8BC9CEB8-8B4A-11D0-8D11-00A0C91BC942}") = "MonsterWorld6", "MonsterWorld6\MonsterWorld6.vcxproj", "{80E72272-8EAE-4A54-83AC-35E88FC88180}"
EndProject
Global
	GlobalSection(SolutionConfigurationPlatforms) = preSolution
		Debug|x64 = Debug|x64
		Debug|x86 = Debug|x86
		Release|x64 = Release|x64
		Release|x86 = Release|x86
	EndGlobalSection
	GlobalSection(ProjectConfigurationPlatforms) = postSolution
		{80E72272-8EAE-4A54-83AC-35E88FC88180}.Debug|x64.ActiveCfg = Debug|x64
		{80E72272-8EAE-4A54-83AC-35E88FC88180}.Debug|x64.Build.0 = Debug|x64
		{80E72272-8EAE-4A54-83AC-35E88FC88180}.Debug|x86.ActiveCfg = Debug|Win32
		{80E72272-8EAE-4A54-83AC-35E88FC88180}.Debug|x86.Build.0 = Debug|Win32
		{80E72272-8EAE-4A54-83AC-35E88FC88180}.Release|x64.ActiveCfg = Release|x64
		{80E72272-8EAE-4A54-83AC-35E88FC88180}.Release|x64.Build.0 = Release|x64
		{80E72272-8EAE-4A54-83AC-35E88FC88180}.Release|x86.ActiveCfg = Release|Win32
		{80E72272-8EAE-4A54-83AC-35E88FC88180}.Release|x86.Build.0 = Release|Win32
	EndGlobalSection
	GlobalSection(SolutionProperties) = preSolution
		HideSolutionNode = FALSE
	EndGlobalSection
	GlobalSection(ExtensibilityGlobals) = postSolution
		SolutionGuid = {F63F7FB7-B2AA-4CAE-B729-8DEACB3394B9}
	EndGlobalSection
EndGlobal
